// !$*UTF8*$!
{
	archiveVersion = 1;
	classes = {
	};
	objectVersion = 48;
	objects = {

/* Begin PBXBuildFile section */
		67AC5CE83E4E19B804533143 /* Pods_college_league.framework in Frameworks */ = {isa = PBXBuildFile; fileRef = BF4AC56B2EBA93C961DE8EF2 /* Pods_college_league.framework */; };
		7B0FD70B203F650200E77422 /* PostController.swift in Sources */ = {isa = PBXBuildFile; fileRef = 7B0FD70A203F650200E77422 /* PostController.swift */; };
		7B0FD70D2040094F00E77422 /* PostController+Handlers.swift in Sources */ = {isa = PBXBuildFile; fileRef = 7B0FD70C2040094F00E77422 /* PostController+Handlers.swift */; };
		7B0FF8882025482D00C83BFA /* CourseView.swift in Sources */ = {isa = PBXBuildFile; fileRef = 7B0FF8872025482D00C83BFA /* CourseView.swift */; };
		7B1624632038B6DF004C0537 /* GoogleService-Info.plist in Resources */ = {isa = PBXBuildFile; fileRef = 7B1624622038B6DF004C0537 /* GoogleService-Info.plist */; };
		7B1624652038C49B004C0537 /* Login+Handlers.swift in Sources */ = {isa = PBXBuildFile; fileRef = 7B1624642038C49B004C0537 /* Login+Handlers.swift */; };
		7B1624672038C4AA004C0537 /* LoginController.swift in Sources */ = {isa = PBXBuildFile; fileRef = 7B1624662038C4AA004C0537 /* LoginController.swift */; };
		7B16246A2038C4B5004C0537 /* Signup+Handlers.swift in Sources */ = {isa = PBXBuildFile; fileRef = 7B1624682038C4B5004C0537 /* Signup+Handlers.swift */; };
		7B16246B2038C4B5004C0537 /* SignupController.swift in Sources */ = {isa = PBXBuildFile; fileRef = 7B1624692038C4B5004C0537 /* SignupController.swift */; };
		7B16246E2038C4EA004C0537 /* MainTabBarController.swift in Sources */ = {isa = PBXBuildFile; fileRef = 7B16246D2038C4EA004C0537 /* MainTabBarController.swift */; };
		7B1624732038C555004C0537 /* UserProfileHeader.swift in Sources */ = {isa = PBXBuildFile; fileRef = 7B1624702038C555004C0537 /* UserProfileHeader.swift */; };
		7B1624742038C555004C0537 /* UserProfileController+Handlers.swift in Sources */ = {isa = PBXBuildFile; fileRef = 7B1624712038C555004C0537 /* UserProfileController+Handlers.swift */; };
		7B1624752038C555004C0537 /* UserProfileController.swift in Sources */ = {isa = PBXBuildFile; fileRef = 7B1624722038C555004C0537 /* UserProfileController.swift */; };
		7B16247820392494004C0537 /* ViewController+Helper.swift in Sources */ = {isa = PBXBuildFile; fileRef = 7B16247720392494004C0537 /* ViewController+Helper.swift */; };
		7B167669205651AA003D4E01 /* Date+Helper.swift in Sources */ = {isa = PBXBuildFile; fileRef = 7B167668205651AA003D4E01 /* Date+Helper.swift */; };
		7B17374F20229B8000CE3CDC /* AddCourseController+Handlers.swift in Sources */ = {isa = PBXBuildFile; fileRef = 7B17374E20229B8000CE3CDC /* AddCourseController+Handlers.swift */; };
		7B331A0E2043D72F00282308 /* TitleTypeController.swift in Sources */ = {isa = PBXBuildFile; fileRef = 7B331A0D2043D72F00282308 /* TitleTypeController.swift */; };
		7B3ACAE6204A3C810065CB16 /* CourseController+Handlers.swift in Sources */ = {isa = PBXBuildFile; fileRef = 7B3ACAE5204A3C810065CB16 /* CourseController+Handlers.swift */; };
		7B3ACAE9204A3ED80065CB16 /* Course.swift in Sources */ = {isa = PBXBuildFile; fileRef = 7B3ACAE8204A3ED80065CB16 /* Course.swift */; };
		7B3ACAEB204B27FB0065CB16 /* User.swift in Sources */ = {isa = PBXBuildFile; fileRef = 7B3ACAEA204B27FB0065CB16 /* User.swift */; };
		7B3ACAED204B28C60065CB16 /* FirebaseUtils.swift in Sources */ = {isa = PBXBuildFile; fileRef = 7B3ACAEC204B28C60065CB16 /* FirebaseUtils.swift */; };
		7B3ACAEF204B32D20065CB16 /* DiscussionCell+Handlers.swift in Sources */ = {isa = PBXBuildFile; fileRef = 7B3ACAEE204B32D20065CB16 /* DiscussionCell+Handlers.swift */; };
		7B3ACAF1204B339D0065CB16 /* Post.swift in Sources */ = {isa = PBXBuildFile; fileRef = 7B3ACAF0204B339D0065CB16 /* Post.swift */; };
		7B433979201D71B800151FEE /* DayCell.swift in Sources */ = {isa = PBXBuildFile; fileRef = 7B433978201D71B800151FEE /* DayCell.swift */; };
		7B43399020205A7200151FEE /* CourseInfo.swift in Sources */ = {isa = PBXBuildFile; fileRef = 7B43398F20205A7200151FEE /* CourseInfo.swift */; };
		7B48C75E2045AB5000768E96 /* CourseController.swift in Sources */ = {isa = PBXBuildFile; fileRef = 7B48C75D2045AB5000768E96 /* CourseController.swift */; };
		7B48C7602045AE0500768E96 /* CourseControllerCell.swift in Sources */ = {isa = PBXBuildFile; fileRef = 7B48C75F2045AE0500768E96 /* CourseControllerCell.swift */; };
		7B48C76220464E0600768E96 /* DiscussionController.swift in Sources */ = {isa = PBXBuildFile; fileRef = 7B48C76120464E0600768E96 /* DiscussionController.swift */; };
		7B48C7652046606100768E96 /* SwitchBar.swift in Sources */ = {isa = PBXBuildFile; fileRef = 7B48C7642046606100768E96 /* SwitchBar.swift */; };
		7B48C7672047570C00768E96 /* DiscussionCell.swift in Sources */ = {isa = PBXBuildFile; fileRef = 7B48C7662047570C00768E96 /* DiscussionCell.swift */; };
		7B48C7692047CC6E00768E96 /* PostCell.swift in Sources */ = {isa = PBXBuildFile; fileRef = 7B48C7682047CC6E00768E96 /* PostCell.swift */; };
		7B61057D20411A8600C5F6C3 /* PhotoSelectorCell.swift in Sources */ = {isa = PBXBuildFile; fileRef = 7B61057C20411A8600C5F6C3 /* PhotoSelectorCell.swift */; };
		7B61057F2042110100C5F6C3 /* UIImage+Helper.swift in Sources */ = {isa = PBXBuildFile; fileRef = 7B61057E2042110100C5F6C3 /* UIImage+Helper.swift */; };
		7B6105862042642C00C5F6C3 /* libz.tbd in Frameworks */ = {isa = PBXBuildFile; fileRef = 7B6105852042642C00C5F6C3 /* libz.tbd */; };
		7B64394D201D19C000FB0E18 /* Timetable+Handlers.swift in Sources */ = {isa = PBXBuildFile; fileRef = 7B64394C201D19C000FB0E18 /* Timetable+Handlers.swift */; };
		7B64394F201D2CC400FB0E18 /* AddCourseController.swift in Sources */ = {isa = PBXBuildFile; fileRef = 7B64394E201D2CC400FB0E18 /* AddCourseController.swift */; };
		7B643951201D3D0700FB0E18 /* AddCourseDatasource.swift in Sources */ = {isa = PBXBuildFile; fileRef = 7B643950201D3D0700FB0E18 /* AddCourseDatasource.swift */; };
		7B643953201D3D7600FB0E18 /* CourseInfoCells.swift in Sources */ = {isa = PBXBuildFile; fileRef = 7B643952201D3D7600FB0E18 /* CourseInfoCells.swift */; };
		7B7CCDC1205A684C004EB1E3 /* UserPostCell.swift in Sources */ = {isa = PBXBuildFile; fileRef = 7B7CCDC0205A684C004EB1E3 /* UserPostCell.swift */; };
		7B93C612204F92F000419B33 /* PostContentController.swift in Sources */ = {isa = PBXBuildFile; fileRef = 7B93C611204F92F000419B33 /* PostContentController.swift */; };
		7B93C614204FB16300419B33 /* PostHeaderCell.swift in Sources */ = {isa = PBXBuildFile; fileRef = 7B93C613204FB16300419B33 /* PostHeaderCell.swift */; };
		7B9717172058DBB400B6F781 /* HomeController.swift in Sources */ = {isa = PBXBuildFile; fileRef = 7B9717162058DBB400B6F781 /* HomeController.swift */; };
		7B9717192058E4EC00B6F781 /* CustomAnimationPresentor.swift in Sources */ = {isa = PBXBuildFile; fileRef = 7B9717182058E4EC00B6F781 /* CustomAnimationPresentor.swift */; };
		7B97171B2058E50100B6F781 /* CustomAnimationDismisser.swift in Sources */ = {isa = PBXBuildFile; fileRef = 7B97171A2058E50100B6F781 /* CustomAnimationDismisser.swift */; };
		7B97171D205A005700B6F781 /* PostFooterView.swift in Sources */ = {isa = PBXBuildFile; fileRef = 7B97171C205A005700B6F781 /* PostFooterView.swift */; };
		7BF2E4D220538542004D4DBE /* UITextView+Helper.swift in Sources */ = {isa = PBXBuildFile; fileRef = 7BF2E4D120538542004D4DBE /* UITextView+Helper.swift */; };
		7BF2E4D620545F4F004D4DBE /* PostMessage.swift in Sources */ = {isa = PBXBuildFile; fileRef = 7BF2E4D520545F4F004D4DBE /* PostMessage.swift */; };
		7BF2E4D8205461DE004D4DBE /* PostMessageCell.swift in Sources */ = {isa = PBXBuildFile; fileRef = 7BF2E4D7205461DE004D4DBE /* PostMessageCell.swift */; };
		7BF2E4DA205470E9004D4DBE /* UITableViewController+Helper.swift in Sources */ = {isa = PBXBuildFile; fileRef = 7BF2E4D9205470E9004D4DBE /* UITableViewController+Helper.swift */; };
		7BF3A2AA2019479700689AE1 /* AppDelegate.swift in Sources */ = {isa = PBXBuildFile; fileRef = 7BF3A2A92019479700689AE1 /* AppDelegate.swift */; };
		7BF3A2AC2019479700689AE1 /* TimetableController.swift in Sources */ = {isa = PBXBuildFile; fileRef = 7BF3A2AB2019479700689AE1 /* TimetableController.swift */; };
		7BF3A2AF2019479700689AE1 /* Main.storyboard in Resources */ = {isa = PBXBuildFile; fileRef = 7BF3A2AD2019479700689AE1 /* Main.storyboard */; };
		7BF3A2B12019479700689AE1 /* Assets.xcassets in Resources */ = {isa = PBXBuildFile; fileRef = 7BF3A2B02019479700689AE1 /* Assets.xcassets */; };
		7BF3A2B42019479700689AE1 /* LaunchScreen.storyboard in Resources */ = {isa = PBXBuildFile; fileRef = 7BF3A2B22019479700689AE1 /* LaunchScreen.storyboard */; };
		7BF3A32A201C120F00689AE1 /* TimetableDatasource.swift in Sources */ = {isa = PBXBuildFile; fileRef = 7BF3A329201C120F00689AE1 /* TimetableDatasource.swift */; };
/* End PBXBuildFile section */

/* Begin PBXFileReference section */
		7B0FD70A203F650200E77422 /* PostController.swift */ = {isa = PBXFileReference; lastKnownFileType = sourcecode.swift; path = PostController.swift; sourceTree = "<group>"; };
		7B0FD70C2040094F00E77422 /* PostController+Handlers.swift */ = {isa = PBXFileReference; lastKnownFileType = sourcecode.swift; path = "PostController+Handlers.swift"; sourceTree = "<group>"; };
		7B0FF8872025482D00C83BFA /* CourseView.swift */ = {isa = PBXFileReference; lastKnownFileType = sourcecode.swift; path = CourseView.swift; sourceTree = "<group>"; };
		7B1624622038B6DF004C0537 /* GoogleService-Info.plist */ = {isa = PBXFileReference; fileEncoding = 4; lastKnownFileType = text.plist.xml; path = "GoogleService-Info.plist"; sourceTree = "<group>"; };
		7B1624642038C49B004C0537 /* Login+Handlers.swift */ = {isa = PBXFileReference; fileEncoding = 4; lastKnownFileType = sourcecode.swift; path = "Login+Handlers.swift"; sourceTree = "<group>"; };
		7B1624662038C4AA004C0537 /* LoginController.swift */ = {isa = PBXFileReference; fileEncoding = 4; lastKnownFileType = sourcecode.swift; path = LoginController.swift; sourceTree = "<group>"; };
		7B1624682038C4B5004C0537 /* Signup+Handlers.swift */ = {isa = PBXFileReference; fileEncoding = 4; lastKnownFileType = sourcecode.swift; path = "Signup+Handlers.swift"; sourceTree = "<group>"; };
		7B1624692038C4B5004C0537 /* SignupController.swift */ = {isa = PBXFileReference; fileEncoding = 4; lastKnownFileType = sourcecode.swift; path = SignupController.swift; sourceTree = "<group>"; };
		7B16246D2038C4EA004C0537 /* MainTabBarController.swift */ = {isa = PBXFileReference; fileEncoding = 4; lastKnownFileType = sourcecode.swift; path = MainTabBarController.swift; sourceTree = "<group>"; };
		7B1624702038C555004C0537 /* UserProfileHeader.swift */ = {isa = PBXFileReference; fileEncoding = 4; lastKnownFileType = sourcecode.swift; path = UserProfileHeader.swift; sourceTree = "<group>"; };
		7B1624712038C555004C0537 /* UserProfileController+Handlers.swift */ = {isa = PBXFileReference; fileEncoding = 4; lastKnownFileType = sourcecode.swift; path = "UserProfileController+Handlers.swift"; sourceTree = "<group>"; };
		7B1624722038C555004C0537 /* UserProfileController.swift */ = {isa = PBXFileReference; fileEncoding = 4; lastKnownFileType = sourcecode.swift; path = UserProfileController.swift; sourceTree = "<group>"; };
		7B16247720392494004C0537 /* ViewController+Helper.swift */ = {isa = PBXFileReference; lastKnownFileType = sourcecode.swift; path = "ViewController+Helper.swift"; sourceTree = "<group>"; };
		7B167668205651AA003D4E01 /* Date+Helper.swift */ = {isa = PBXFileReference; lastKnownFileType = sourcecode.swift; path = "Date+Helper.swift"; sourceTree = "<group>"; };
		7B17374E20229B8000CE3CDC /* AddCourseController+Handlers.swift */ = {isa = PBXFileReference; lastKnownFileType = sourcecode.swift; path = "AddCourseController+Handlers.swift"; sourceTree = "<group>"; };
		7B331A0D2043D72F00282308 /* TitleTypeController.swift */ = {isa = PBXFileReference; lastKnownFileType = sourcecode.swift; path = TitleTypeController.swift; sourceTree = "<group>"; };
		7B3ACAE5204A3C810065CB16 /* CourseController+Handlers.swift */ = {isa = PBXFileReference; lastKnownFileType = sourcecode.swift; path = "CourseController+Handlers.swift"; sourceTree = "<group>"; };
		7B3ACAE8204A3ED80065CB16 /* Course.swift */ = {isa = PBXFileReference; lastKnownFileType = sourcecode.swift; path = Course.swift; sourceTree = "<group>"; };
		7B3ACAEA204B27FB0065CB16 /* User.swift */ = {isa = PBXFileReference; lastKnownFileType = sourcecode.swift; path = User.swift; sourceTree = "<group>"; };
		7B3ACAEC204B28C60065CB16 /* FirebaseUtils.swift */ = {isa = PBXFileReference; lastKnownFileType = sourcecode.swift; path = FirebaseUtils.swift; sourceTree = "<group>"; };
		7B3ACAEE204B32D20065CB16 /* DiscussionCell+Handlers.swift */ = {isa = PBXFileReference; lastKnownFileType = sourcecode.swift; path = "DiscussionCell+Handlers.swift"; sourceTree = "<group>"; };
		7B3ACAF0204B339D0065CB16 /* Post.swift */ = {isa = PBXFileReference; lastKnownFileType = sourcecode.swift; path = Post.swift; sourceTree = "<group>"; };
		7B433978201D71B800151FEE /* DayCell.swift */ = {isa = PBXFileReference; lastKnownFileType = sourcecode.swift; path = DayCell.swift; sourceTree = "<group>"; };
		7B43398F20205A7200151FEE /* CourseInfo.swift */ = {isa = PBXFileReference; lastKnownFileType = sourcecode.swift; path = CourseInfo.swift; sourceTree = "<group>"; };
		7B48C75D2045AB5000768E96 /* CourseController.swift */ = {isa = PBXFileReference; lastKnownFileType = sourcecode.swift; path = CourseController.swift; sourceTree = "<group>"; };
		7B48C75F2045AE0500768E96 /* CourseControllerCell.swift */ = {isa = PBXFileReference; lastKnownFileType = sourcecode.swift; path = CourseControllerCell.swift; sourceTree = "<group>"; };
		7B48C76120464E0600768E96 /* DiscussionController.swift */ = {isa = PBXFileReference; lastKnownFileType = sourcecode.swift; path = DiscussionController.swift; sourceTree = "<group>"; };
		7B48C7642046606100768E96 /* SwitchBar.swift */ = {isa = PBXFileReference; lastKnownFileType = sourcecode.swift; path = SwitchBar.swift; sourceTree = "<group>"; };
		7B48C7662047570C00768E96 /* DiscussionCell.swift */ = {isa = PBXFileReference; lastKnownFileType = sourcecode.swift; path = DiscussionCell.swift; sourceTree = "<group>"; };
		7B48C7682047CC6E00768E96 /* PostCell.swift */ = {isa = PBXFileReference; lastKnownFileType = sourcecode.swift; path = PostCell.swift; sourceTree = "<group>"; };
		7B61057C20411A8600C5F6C3 /* PhotoSelectorCell.swift */ = {isa = PBXFileReference; lastKnownFileType = sourcecode.swift; path = PhotoSelectorCell.swift; sourceTree = "<group>"; };
		7B61057E2042110100C5F6C3 /* UIImage+Helper.swift */ = {isa = PBXFileReference; lastKnownFileType = sourcecode.swift; path = "UIImage+Helper.swift"; sourceTree = "<group>"; };
		7B6105812042598400C5F6C3 /* Gzip.framework */ = {isa = PBXFileReference; explicitFileType = wrapper.framework; path = Gzip.framework; sourceTree = BUILT_PRODUCTS_DIR; };
		7B6105852042642C00C5F6C3 /* libz.tbd */ = {isa = PBXFileReference; lastKnownFileType = "sourcecode.text-based-dylib-definition"; name = libz.tbd; path = usr/lib/libz.tbd; sourceTree = SDKROOT; };
		7B64394C201D19C000FB0E18 /* Timetable+Handlers.swift */ = {isa = PBXFileReference; lastKnownFileType = sourcecode.swift; path = "Timetable+Handlers.swift"; sourceTree = "<group>"; };
		7B64394E201D2CC400FB0E18 /* AddCourseController.swift */ = {isa = PBXFileReference; lastKnownFileType = sourcecode.swift; path = AddCourseController.swift; sourceTree = "<group>"; };
		7B643950201D3D0700FB0E18 /* AddCourseDatasource.swift */ = {isa = PBXFileReference; lastKnownFileType = sourcecode.swift; path = AddCourseDatasource.swift; sourceTree = "<group>"; };
		7B643952201D3D7600FB0E18 /* CourseInfoCells.swift */ = {isa = PBXFileReference; lastKnownFileType = sourcecode.swift; path = CourseInfoCells.swift; sourceTree = "<group>"; };
		7B7CCDC0205A684C004EB1E3 /* UserPostCell.swift */ = {isa = PBXFileReference; lastKnownFileType = sourcecode.swift; path = UserPostCell.swift; sourceTree = "<group>"; };
		7B93C611204F92F000419B33 /* PostContentController.swift */ = {isa = PBXFileReference; lastKnownFileType = sourcecode.swift; path = PostContentController.swift; sourceTree = "<group>"; };
		7B93C613204FB16300419B33 /* PostHeaderCell.swift */ = {isa = PBXFileReference; lastKnownFileType = sourcecode.swift; path = PostHeaderCell.swift; sourceTree = "<group>"; };
		7B9717162058DBB400B6F781 /* HomeController.swift */ = {isa = PBXFileReference; lastKnownFileType = sourcecode.swift; path = HomeController.swift; sourceTree = "<group>"; };
		7B9717182058E4EC00B6F781 /* CustomAnimationPresentor.swift */ = {isa = PBXFileReference; lastKnownFileType = sourcecode.swift; path = CustomAnimationPresentor.swift; sourceTree = "<group>"; };
		7B97171A2058E50100B6F781 /* CustomAnimationDismisser.swift */ = {isa = PBXFileReference; lastKnownFileType = sourcecode.swift; path = CustomAnimationDismisser.swift; sourceTree = "<group>"; };
		7B97171C205A005700B6F781 /* PostFooterView.swift */ = {isa = PBXFileReference; lastKnownFileType = sourcecode.swift; path = PostFooterView.swift; sourceTree = "<group>"; };
		7BF2E4D120538542004D4DBE /* UITextView+Helper.swift */ = {isa = PBXFileReference; lastKnownFileType = sourcecode.swift; path = "UITextView+Helper.swift"; sourceTree = "<group>"; };
		7BF2E4D520545F4F004D4DBE /* PostMessage.swift */ = {isa = PBXFileReference; lastKnownFileType = sourcecode.swift; path = PostMessage.swift; sourceTree = "<group>"; };
		7BF2E4D7205461DE004D4DBE /* PostMessageCell.swift */ = {isa = PBXFileReference; lastKnownFileType = sourcecode.swift; path = PostMessageCell.swift; sourceTree = "<group>"; };
		7BF2E4D9205470E9004D4DBE /* UITableViewController+Helper.swift */ = {isa = PBXFileReference; lastKnownFileType = sourcecode.swift; path = "UITableViewController+Helper.swift"; sourceTree = "<group>"; };
		7BF3A2A62019479700689AE1 /* college_league.app */ = {isa = PBXFileReference; explicitFileType = wrapper.application; includeInIndex = 0; path = college_league.app; sourceTree = BUILT_PRODUCTS_DIR; };
		7BF3A2A92019479700689AE1 /* AppDelegate.swift */ = {isa = PBXFileReference; lastKnownFileType = sourcecode.swift; path = AppDelegate.swift; sourceTree = "<group>"; };
		7BF3A2AB2019479700689AE1 /* TimetableController.swift */ = {isa = PBXFileReference; lastKnownFileType = sourcecode.swift; path = TimetableController.swift; sourceTree = "<group>"; };
		7BF3A2AE2019479700689AE1 /* Base */ = {isa = PBXFileReference; lastKnownFileType = file.storyboard; name = Base; path = Base.lproj/Main.storyboard; sourceTree = "<group>"; };
		7BF3A2B02019479700689AE1 /* Assets.xcassets */ = {isa = PBXFileReference; lastKnownFileType = folder.assetcatalog; path = Assets.xcassets; sourceTree = "<group>"; };
		7BF3A2B32019479700689AE1 /* Base */ = {isa = PBXFileReference; lastKnownFileType = file.storyboard; name = Base; path = Base.lproj/LaunchScreen.storyboard; sourceTree = "<group>"; };
		7BF3A2B52019479700689AE1 /* Info.plist */ = {isa = PBXFileReference; lastKnownFileType = text.plist.xml; path = Info.plist; sourceTree = "<group>"; };
		7BF3A329201C120F00689AE1 /* TimetableDatasource.swift */ = {isa = PBXFileReference; lastKnownFileType = sourcecode.swift; path = TimetableDatasource.swift; sourceTree = "<group>"; };
		BF4AC56B2EBA93C961DE8EF2 /* Pods_college_league.framework */ = {isa = PBXFileReference; explicitFileType = wrapper.framework; includeInIndex = 0; path = Pods_college_league.framework; sourceTree = BUILT_PRODUCTS_DIR; };
		E47EBB366827CAB5E4AB7791 /* Pods-college_league.debug.xcconfig */ = {isa = PBXFileReference; includeInIndex = 1; lastKnownFileType = text.xcconfig; name = "Pods-college_league.debug.xcconfig"; path = "Pods/Target Support Files/Pods-college_league/Pods-college_league.debug.xcconfig"; sourceTree = "<group>"; };
		EF9E31A5A391B46B69707FB0 /* Pods-college_league.release.xcconfig */ = {isa = PBXFileReference; includeInIndex = 1; lastKnownFileType = text.xcconfig; name = "Pods-college_league.release.xcconfig"; path = "Pods/Target Support Files/Pods-college_league/Pods-college_league.release.xcconfig"; sourceTree = "<group>"; };
/* End PBXFileReference section */

/* Begin PBXFrameworksBuildPhase section */
		7BF3A2A32019479700689AE1 /* Frameworks */ = {
			isa = PBXFrameworksBuildPhase;
			buildActionMask = 2147483647;
			files = (
				7B6105862042642C00C5F6C3 /* libz.tbd in Frameworks */,
				67AC5CE83E4E19B804533143 /* Pods_college_league.framework in Frameworks */,
			);
			runOnlyForDeploymentPostprocessing = 0;
		};
/* End PBXFrameworksBuildPhase section */

/* Begin PBXGroup section */
		54ABA28FDEE5AEAFDF1DE65A /* Frameworks */ = {
			isa = PBXGroup;
			children = (
				7B6105852042642C00C5F6C3 /* libz.tbd */,
				7B6105812042598400C5F6C3 /* Gzip.framework */,
				BF4AC56B2EBA93C961DE8EF2 /* Pods_college_league.framework */,
			);
			name = Frameworks;
			sourceTree = "<group>";
		};
		7B0FD708203F562800E77422 /* Me */ = {
			isa = PBXGroup;
			children = (
				7B1624762038C561004C0537 /* UserProfileController */,
			);
			path = Me;
			sourceTree = "<group>";
		};
		7B0FD709203F569500E77422 /* Courses */ = {
			isa = PBXGroup;
			children = (
				7B0FD70E204009D500E77422 /* PostController */,
				7B93C610204F92B700419B33 /* PostContentController */,
				7B48C76320464E2B00768E96 /* DiscussionController */,
				7B48C75C2045AB1D00768E96 /* CourseController */,
			);
			path = Courses;
			sourceTree = "<group>";
		};
		7B0FD70E204009D500E77422 /* PostController */ = {
			isa = PBXGroup;
			children = (
				7B61057C20411A8600C5F6C3 /* PhotoSelectorCell.swift */,
				7B0FD70A203F650200E77422 /* PostController.swift */,
				7B0FD70C2040094F00E77422 /* PostController+Handlers.swift */,
				7B331A0D2043D72F00282308 /* TitleTypeController.swift */,
			);
			path = PostController;
			sourceTree = "<group>";
		};
		7B16246C2038C4BF004C0537 /* login_signup */ = {
			isa = PBXGroup;
			children = (
				7B1624692038C4B5004C0537 /* SignupController.swift */,
				7B1624682038C4B5004C0537 /* Signup+Handlers.swift */,
				7B1624662038C4AA004C0537 /* LoginController.swift */,
				7B1624642038C49B004C0537 /* Login+Handlers.swift */,
			);
			path = login_signup;
			sourceTree = "<group>";
		};
		7B16246F2038C51B004C0537 /* util */ = {
			isa = PBXGroup;
			children = (
				7B3ACAEC204B28C60065CB16 /* FirebaseUtils.swift */,
				7B16246D2038C4EA004C0537 /* MainTabBarController.swift */,
				7BF3A2A92019479700689AE1 /* AppDelegate.swift */,
				7B16247720392494004C0537 /* ViewController+Helper.swift */,
				7B61057E2042110100C5F6C3 /* UIImage+Helper.swift */,
				7BF2E4D9205470E9004D4DBE /* UITableViewController+Helper.swift */,
				7BF2E4D120538542004D4DBE /* UITextView+Helper.swift */,
				7B167668205651AA003D4E01 /* Date+Helper.swift */,
			);
			path = util;
			sourceTree = "<group>";
		};
		7B1624762038C561004C0537 /* UserProfileController */ = {
			isa = PBXGroup;
			children = (
				7B1624702038C555004C0537 /* UserProfileHeader.swift */,
				7B7CCDC0205A684C004EB1E3 /* UserPostCell.swift */,
				7B1624722038C555004C0537 /* UserProfileController.swift */,
				7B1624712038C555004C0537 /* UserProfileController+Handlers.swift */,
			);
			path = UserProfileController;
			sourceTree = "<group>";
		};
		7B3ACAE7204A3E970065CB16 /* models */ = {
			isa = PBXGroup;
			children = (
				7BF2E4D520545F4F004D4DBE /* PostMessage.swift */,
				7B3ACAF0204B339D0065CB16 /* Post.swift */,
				7B3ACAE8204A3ED80065CB16 /* Course.swift */,
				7B3ACAEA204B27FB0065CB16 /* User.swift */,
			);
			path = models;
			sourceTree = "<group>";
		};
		7B48C75C2045AB1D00768E96 /* CourseController */ = {
			isa = PBXGroup;
			children = (
				7B48C75F2045AE0500768E96 /* CourseControllerCell.swift */,
				7B48C75D2045AB5000768E96 /* CourseController.swift */,
				7B3ACAE5204A3C810065CB16 /* CourseController+Handlers.swift */,
			);
			path = CourseController;
			sourceTree = "<group>";
		};
		7B48C76320464E2B00768E96 /* DiscussionController */ = {
			isa = PBXGroup;
			children = (
				7B48C7682047CC6E00768E96 /* PostCell.swift */,
				7B48C7662047570C00768E96 /* DiscussionCell.swift */,
				7B3ACAEE204B32D20065CB16 /* DiscussionCell+Handlers.swift */,
				7B48C76120464E0600768E96 /* DiscussionController.swift */,
				7B48C7642046606100768E96 /* SwitchBar.swift */,
			);
			path = DiscussionController;
			sourceTree = "<group>";
		};
		7B643954201D3D8700FB0E18 /* AddCourseController */ = {
			isa = PBXGroup;
			children = (
				7B643952201D3D7600FB0E18 /* CourseInfoCells.swift */,
				7B643950201D3D0700FB0E18 /* AddCourseDatasource.swift */,
				7B64394E201D2CC400FB0E18 /* AddCourseController.swift */,
				7B17374E20229B8000CE3CDC /* AddCourseController+Handlers.swift */,
				7B43398F20205A7200151FEE /* CourseInfo.swift */,
			);
			path = AddCourseController;
			sourceTree = "<group>";
		};
		7B93C610204F92B700419B33 /* PostContentController */ = {
			isa = PBXGroup;
			children = (
				7B93C613204FB16300419B33 /* PostHeaderCell.swift */,
				7BF2E4D7205461DE004D4DBE /* PostMessageCell.swift */,
				7B97171C205A005700B6F781 /* PostFooterView.swift */,
				7B93C611204F92F000419B33 /* PostContentController.swift */,
			);
			path = PostContentController;
			sourceTree = "<group>";
		};
		7B9717142058DB4600B6F781 /* TimetableController */ = {
			isa = PBXGroup;
			children = (
				7B433978201D71B800151FEE /* DayCell.swift */,
				7B0FF8872025482D00C83BFA /* CourseView.swift */,
				7BF3A329201C120F00689AE1 /* TimetableDatasource.swift */,
				7BF3A2AB2019479700689AE1 /* TimetableController.swift */,
				7B64394C201D19C000FB0E18 /* Timetable+Handlers.swift */,
				7B9717182058E4EC00B6F781 /* CustomAnimationPresentor.swift */,
				7B97171A2058E50100B6F781 /* CustomAnimationDismisser.swift */,
			);
			path = TimetableController;
			sourceTree = "<group>";
		};
		7B9717152058DB8C00B6F781 /* Home */ = {
			isa = PBXGroup;
			children = (
				7B9717162058DBB400B6F781 /* HomeController.swift */,
			);
			path = Home;
			sourceTree = "<group>";
		};
		7BF3A29D2019479700689AE1 = {
			isa = PBXGroup;
			children = (
				7BF3A2A82019479700689AE1 /* college_league */,
				7BF3A2A72019479700689AE1 /* Products */,
				FB8931E96FC22755384000E2 /* Pods */,
				54ABA28FDEE5AEAFDF1DE65A /* Frameworks */,
			);
			sourceTree = "<group>";
		};
		7BF3A2A72019479700689AE1 /* Products */ = {
			isa = PBXGroup;
			children = (
				7BF3A2A62019479700689AE1 /* college_league.app */,
			);
			name = Products;
			sourceTree = "<group>";
		};
		7BF3A2A82019479700689AE1 /* college_league */ = {
			isa = PBXGroup;
			children = (
				7B0FD708203F562800E77422 /* Me */,
				7B0FD709203F569500E77422 /* Courses */,
				7B9717152058DB8C00B6F781 /* Home */,
				7B3ACAE7204A3E970065CB16 /* models */,
				7BF3A32D201C127100689AE1 /* timetable */,
				7B16246C2038C4BF004C0537 /* login_signup */,
				7B16246F2038C51B004C0537 /* util */,
				7BF3A2B02019479700689AE1 /* Assets.xcassets */,
				7BF3A2B52019479700689AE1 /* Info.plist */,
				7B1624622038B6DF004C0537 /* GoogleService-Info.plist */,
				7BF3A2B22019479700689AE1 /* LaunchScreen.storyboard */,
				7BF3A2AD2019479700689AE1 /* Main.storyboard */,
			);
			path = college_league;
			sourceTree = "<group>";
		};
		7BF3A32D201C127100689AE1 /* timetable */ = {
			isa = PBXGroup;
			children = (
				7B643954201D3D8700FB0E18 /* AddCourseController */,
				7B9717142058DB4600B6F781 /* TimetableController */,
			);
			path = timetable;
			sourceTree = "<group>";
		};
		FB8931E96FC22755384000E2 /* Pods */ = {
			isa = PBXGroup;
			children = (
				E47EBB366827CAB5E4AB7791 /* Pods-college_league.debug.xcconfig */,
				EF9E31A5A391B46B69707FB0 /* Pods-college_league.release.xcconfig */,
			);
			name = Pods;
			sourceTree = "<group>";
		};
/* End PBXGroup section */

/* Begin PBXNativeTarget section */
		7BF3A2A52019479700689AE1 /* college_league */ = {
			isa = PBXNativeTarget;
			buildConfigurationList = 7BF3A2B82019479700689AE1 /* Build configuration list for PBXNativeTarget "college_league" */;
			buildPhases = (
				4B9E46BBADAAB4132E5BE551 /* [CP] Check Pods Manifest.lock */,
				7BF3A2A22019479700689AE1 /* Sources */,
				7BF3A2A32019479700689AE1 /* Frameworks */,
				7BF3A2A42019479700689AE1 /* Resources */,
				86E0FDFCDF95B2E1D6CA6991 /* [CP] Embed Pods Frameworks */,
				1ECDE6DAAFE17A8E2B8AB797 /* [CP] Copy Pods Resources */,
			);
			buildRules = (
			);
			dependencies = (
			);
			name = college_league;
			productName = college_league;
			productReference = 7BF3A2A62019479700689AE1 /* college_league.app */;
			productType = "com.apple.product-type.application";
		};
/* End PBXNativeTarget section */

/* Begin PBXProject section */
		7BF3A29E2019479700689AE1 /* Project object */ = {
			isa = PBXProject;
			attributes = {
				LastSwiftUpdateCheck = 0920;
				LastUpgradeCheck = 0920;
				ORGANIZATIONNAME = "Qichen Huang";
				TargetAttributes = {
					7BF3A2A52019479700689AE1 = {
						CreatedOnToolsVersion = 9.2;
						ProvisioningStyle = Automatic;
					};
				};
			};
			buildConfigurationList = 7BF3A2A12019479700689AE1 /* Build configuration list for PBXProject "college_league" */;
			compatibilityVersion = "Xcode 8.0";
			developmentRegion = en;
			hasScannedForEncodings = 0;
			knownRegions = (
				en,
				Base,
			);
			mainGroup = 7BF3A29D2019479700689AE1;
			productRefGroup = 7BF3A2A72019479700689AE1 /* Products */;
			projectDirPath = "";
			projectRoot = "";
			targets = (
				7BF3A2A52019479700689AE1 /* college_league */,
			);
		};
/* End PBXProject section */

/* Begin PBXResourcesBuildPhase section */
		7BF3A2A42019479700689AE1 /* Resources */ = {
			isa = PBXResourcesBuildPhase;
			buildActionMask = 2147483647;
			files = (
				7BF3A2B42019479700689AE1 /* LaunchScreen.storyboard in Resources */,
				7B1624632038B6DF004C0537 /* GoogleService-Info.plist in Resources */,
				7BF3A2B12019479700689AE1 /* Assets.xcassets in Resources */,
				7BF3A2AF2019479700689AE1 /* Main.storyboard in Resources */,
			);
			runOnlyForDeploymentPostprocessing = 0;
		};
/* End PBXResourcesBuildPhase section */

/* Begin PBXShellScriptBuildPhase section */
		1ECDE6DAAFE17A8E2B8AB797 /* [CP] Copy Pods Resources */ = {
			isa = PBXShellScriptBuildPhase;
			buildActionMask = 2147483647;
			files = (
			);
			inputPaths = (
			);
			name = "[CP] Copy Pods Resources";
			outputPaths = (
			);
			runOnlyForDeploymentPostprocessing = 0;
			shellPath = /bin/sh;
			shellScript = "\"${SRCROOT}/Pods/Target Support Files/Pods-college_league/Pods-college_league-resources.sh\"\n";
			showEnvVarsInLog = 0;
		};
		4B9E46BBADAAB4132E5BE551 /* [CP] Check Pods Manifest.lock */ = {
			isa = PBXShellScriptBuildPhase;
			buildActionMask = 2147483647;
			files = (
			);
			inputPaths = (
				"${PODS_PODFILE_DIR_PATH}/Podfile.lock",
				"${PODS_ROOT}/Manifest.lock",
			);
			name = "[CP] Check Pods Manifest.lock";
			outputPaths = (
				"$(DERIVED_FILE_DIR)/Pods-college_league-checkManifestLockResult.txt",
			);
			runOnlyForDeploymentPostprocessing = 0;
			shellPath = /bin/sh;
			shellScript = "diff \"${PODS_PODFILE_DIR_PATH}/Podfile.lock\" \"${PODS_ROOT}/Manifest.lock\" > /dev/null\nif [ $? != 0 ] ; then\n    # print error to STDERR\n    echo \"error: The sandbox is not in sync with the Podfile.lock. Run 'pod install' or update your CocoaPods installation.\" >&2\n    exit 1\nfi\n# This output is used by Xcode 'outputs' to avoid re-running this script phase.\necho \"SUCCESS\" > \"${SCRIPT_OUTPUT_FILE_0}\"\n";
			showEnvVarsInLog = 0;
		};
		86E0FDFCDF95B2E1D6CA6991 /* [CP] Embed Pods Frameworks */ = {
			isa = PBXShellScriptBuildPhase;
			buildActionMask = 2147483647;
			files = (
			);
			inputPaths = (
				"${SRCROOT}/Pods/Target Support Files/Pods-college_league/Pods-college_league-frameworks.sh",
				"${BUILT_PRODUCTS_DIR}/AMScrollingNavbar/AMScrollingNavbar.framework",
				"${BUILT_PRODUCTS_DIR}/GTMSessionFetcher/GTMSessionFetcher.framework",
				"${BUILT_PRODUCTS_DIR}/GoogleToolboxForMac/GoogleToolboxForMac.framework",
				"${BUILT_PRODUCTS_DIR}/GzipSwift/Gzip.framework",
				"${BUILT_PRODUCTS_DIR}/LBTAComponents/LBTAComponents.framework",
				"${BUILT_PRODUCTS_DIR}/leveldb-library/leveldb.framework",
				"${BUILT_PRODUCTS_DIR}/nanopb/nanopb.framework",
			);
			name = "[CP] Embed Pods Frameworks";
			outputPaths = (
				"${TARGET_BUILD_DIR}/${FRAMEWORKS_FOLDER_PATH}/AMScrollingNavbar.framework",
				"${TARGET_BUILD_DIR}/${FRAMEWORKS_FOLDER_PATH}/GTMSessionFetcher.framework",
				"${TARGET_BUILD_DIR}/${FRAMEWORKS_FOLDER_PATH}/GoogleToolboxForMac.framework",
				"${TARGET_BUILD_DIR}/${FRAMEWORKS_FOLDER_PATH}/Gzip.framework",
				"${TARGET_BUILD_DIR}/${FRAMEWORKS_FOLDER_PATH}/LBTAComponents.framework",
				"${TARGET_BUILD_DIR}/${FRAMEWORKS_FOLDER_PATH}/leveldb.framework",
				"${TARGET_BUILD_DIR}/${FRAMEWORKS_FOLDER_PATH}/nanopb.framework",
			);
			runOnlyForDeploymentPostprocessing = 0;
			shellPath = /bin/sh;
			shellScript = "\"${SRCROOT}/Pods/Target Support Files/Pods-college_league/Pods-college_league-frameworks.sh\"\n";
			showEnvVarsInLog = 0;
		};
/* End PBXShellScriptBuildPhase section */

/* Begin PBXSourcesBuildPhase section */
		7BF3A2A22019479700689AE1 /* Sources */ = {
			isa = PBXSourcesBuildPhase;
			buildActionMask = 2147483647;
			files = (
				7BF2E4D620545F4F004D4DBE /* PostMessage.swift in Sources */,
				7B0FD70D2040094F00E77422 /* PostController+Handlers.swift in Sources */,
				7B1624732038C555004C0537 /* UserProfileHeader.swift in Sources */,
				7B16246A2038C4B5004C0537 /* Signup+Handlers.swift in Sources */,
				7B48C7672047570C00768E96 /* DiscussionCell.swift in Sources */,
				7B64394F201D2CC400FB0E18 /* AddCourseController.swift in Sources */,
				7BF3A32A201C120F00689AE1 /* TimetableDatasource.swift in Sources */,
				7BF2E4D220538542004D4DBE /* UITextView+Helper.swift in Sources */,
				7B48C76220464E0600768E96 /* DiscussionController.swift in Sources */,
				7B16247820392494004C0537 /* ViewController+Helper.swift in Sources */,
				7B16246B2038C4B5004C0537 /* SignupController.swift in Sources */,
				7BF2E4D8205461DE004D4DBE /* PostMessageCell.swift in Sources */,
				7B93C614204FB16300419B33 /* PostHeaderCell.swift in Sources */,
				7B643951201D3D0700FB0E18 /* AddCourseDatasource.swift in Sources */,
				7B9717172058DBB400B6F781 /* HomeController.swift in Sources */,
				7B97171D205A005700B6F781 /* PostFooterView.swift in Sources */,
				7B1624672038C4AA004C0537 /* LoginController.swift in Sources */,
				7BF2E4DA205470E9004D4DBE /* UITableViewController+Helper.swift in Sources */,
				7B3ACAE6204A3C810065CB16 /* CourseController+Handlers.swift in Sources */,
				7B3ACAE9204A3ED80065CB16 /* Course.swift in Sources */,
				7B48C7602045AE0500768E96 /* CourseControllerCell.swift in Sources */,
				7B17374F20229B8000CE3CDC /* AddCourseController+Handlers.swift in Sources */,
				7B1624652038C49B004C0537 /* Login+Handlers.swift in Sources */,
				7B1624742038C555004C0537 /* UserProfileController+Handlers.swift in Sources */,
				7B48C7652046606100768E96 /* SwitchBar.swift in Sources */,
				7B48C75E2045AB5000768E96 /* CourseController.swift in Sources */,
				7B0FD70B203F650200E77422 /* PostController.swift in Sources */,
				7B1624752038C555004C0537 /* UserProfileController.swift in Sources */,
				7B93C612204F92F000419B33 /* PostContentController.swift in Sources */,
				7B0FF8882025482D00C83BFA /* CourseView.swift in Sources */,
				7B643953201D3D7600FB0E18 /* CourseInfoCells.swift in Sources */,
				7B167669205651AA003D4E01 /* Date+Helper.swift in Sources */,
				7B16246E2038C4EA004C0537 /* MainTabBarController.swift in Sources */,
				7B9717192058E4EC00B6F781 /* CustomAnimationPresentor.swift in Sources */,
				7B97171B2058E50100B6F781 /* CustomAnimationDismisser.swift in Sources */,
				7B3ACAEB204B27FB0065CB16 /* User.swift in Sources */,
				7B48C7692047CC6E00768E96 /* PostCell.swift in Sources */,
				7B3ACAED204B28C60065CB16 /* FirebaseUtils.swift in Sources */,
				7BF3A2AC2019479700689AE1 /* TimetableController.swift in Sources */,
				7B3ACAEF204B32D20065CB16 /* DiscussionCell+Handlers.swift in Sources */,
				7B64394D201D19C000FB0E18 /* Timetable+Handlers.swift in Sources */,
				7B331A0E2043D72F00282308 /* TitleTypeController.swift in Sources */,
				7B61057F2042110100C5F6C3 /* UIImage+Helper.swift in Sources */,
				7B433979201D71B800151FEE /* DayCell.swift in Sources */,
				7B7CCDC1205A684C004EB1E3 /* UserPostCell.swift in Sources */,
				7B43399020205A7200151FEE /* CourseInfo.swift in Sources */,
				7B3ACAF1204B339D0065CB16 /* Post.swift in Sources */,
				7BF3A2AA2019479700689AE1 /* AppDelegate.swift in Sources */,
				7B61057D20411A8600C5F6C3 /* PhotoSelectorCell.swift in Sources */,
			);
			runOnlyForDeploymentPostprocessing = 0;
		};
/* End PBXSourcesBuildPhase section */

/* Begin PBXVariantGroup section */
		7BF3A2AD2019479700689AE1 /* Main.storyboard */ = {
			isa = PBXVariantGroup;
			children = (
				7BF3A2AE2019479700689AE1 /* Base */,
			);
			name = Main.storyboard;
			sourceTree = "<group>";
		};
		7BF3A2B22019479700689AE1 /* LaunchScreen.storyboard */ = {
			isa = PBXVariantGroup;
			children = (
				7BF3A2B32019479700689AE1 /* Base */,
			);
			name = LaunchScreen.storyboard;
			sourceTree = "<group>";
		};
/* End PBXVariantGroup section */

/* Begin XCBuildConfiguration section */
		7BF3A2B62019479700689AE1 /* Debug */ = {
			isa = XCBuildConfiguration;
			buildSettings = {
				ALWAYS_SEARCH_USER_PATHS = NO;
				CLANG_ANALYZER_NONNULL = YES;
				CLANG_ANALYZER_NUMBER_OBJECT_CONVERSION = YES_AGGRESSIVE;
				CLANG_CXX_LANGUAGE_STANDARD = "gnu++14";
				CLANG_CXX_LIBRARY = "libc++";
				CLANG_ENABLE_MODULES = YES;
				CLANG_ENABLE_OBJC_ARC = YES;
				CLANG_WARN_BLOCK_CAPTURE_AUTORELEASING = YES;
				CLANG_WARN_BOOL_CONVERSION = YES;
				CLANG_WARN_COMMA = YES;
				CLANG_WARN_CONSTANT_CONVERSION = YES;
				CLANG_WARN_DIRECT_OBJC_ISA_USAGE = YES_ERROR;
				CLANG_WARN_DOCUMENTATION_COMMENTS = YES;
				CLANG_WARN_EMPTY_BODY = YES;
				CLANG_WARN_ENUM_CONVERSION = YES;
				CLANG_WARN_INFINITE_RECURSION = YES;
				CLANG_WARN_INT_CONVERSION = YES;
				CLANG_WARN_NON_LITERAL_NULL_CONVERSION = YES;
				CLANG_WARN_OBJC_LITERAL_CONVERSION = YES;
				CLANG_WARN_OBJC_ROOT_CLASS = YES_ERROR;
				CLANG_WARN_RANGE_LOOP_ANALYSIS = YES;
				CLANG_WARN_STRICT_PROTOTYPES = YES;
				CLANG_WARN_SUSPICIOUS_MOVE = YES;
				CLANG_WARN_UNGUARDED_AVAILABILITY = YES_AGGRESSIVE;
				CLANG_WARN_UNREACHABLE_CODE = YES;
				CLANG_WARN__DUPLICATE_METHOD_MATCH = YES;
				CODE_SIGN_IDENTITY = "iPhone Developer";
				COPY_PHASE_STRIP = NO;
				DEBUG_INFORMATION_FORMAT = dwarf;
				ENABLE_STRICT_OBJC_MSGSEND = YES;
				ENABLE_TESTABILITY = YES;
				GCC_C_LANGUAGE_STANDARD = gnu11;
				GCC_DYNAMIC_NO_PIC = NO;
				GCC_NO_COMMON_BLOCKS = YES;
				GCC_OPTIMIZATION_LEVEL = 0;
				GCC_PREPROCESSOR_DEFINITIONS = (
					"DEBUG=1",
					"$(inherited)",
				);
				GCC_WARN_64_TO_32_BIT_CONVERSION = YES;
				GCC_WARN_ABOUT_RETURN_TYPE = YES_ERROR;
				GCC_WARN_UNDECLARED_SELECTOR = YES;
				GCC_WARN_UNINITIALIZED_AUTOS = YES_AGGRESSIVE;
				GCC_WARN_UNUSED_FUNCTION = YES;
				GCC_WARN_UNUSED_VARIABLE = YES;
				IPHONEOS_DEPLOYMENT_TARGET = 11.2;
				MTL_ENABLE_DEBUG_INFO = YES;
				ONLY_ACTIVE_ARCH = YES;
				SDKROOT = iphoneos;
				SWIFT_ACTIVE_COMPILATION_CONDITIONS = DEBUG;
				SWIFT_OPTIMIZATION_LEVEL = "-Onone";
			};
			name = Debug;
		};
		7BF3A2B72019479700689AE1 /* Release */ = {
			isa = XCBuildConfiguration;
			buildSettings = {
				ALWAYS_SEARCH_USER_PATHS = NO;
				CLANG_ANALYZER_NONNULL = YES;
				CLANG_ANALYZER_NUMBER_OBJECT_CONVERSION = YES_AGGRESSIVE;
				CLANG_CXX_LANGUAGE_STANDARD = "gnu++14";
				CLANG_CXX_LIBRARY = "libc++";
				CLANG_ENABLE_MODULES = YES;
				CLANG_ENABLE_OBJC_ARC = YES;
				CLANG_WARN_BLOCK_CAPTURE_AUTORELEASING = YES;
				CLANG_WARN_BOOL_CONVERSION = YES;
				CLANG_WARN_COMMA = YES;
				CLANG_WARN_CONSTANT_CONVERSION = YES;
				CLANG_WARN_DIRECT_OBJC_ISA_USAGE = YES_ERROR;
				CLANG_WARN_DOCUMENTATION_COMMENTS = YES;
				CLANG_WARN_EMPTY_BODY = YES;
				CLANG_WARN_ENUM_CONVERSION = YES;
				CLANG_WARN_INFINITE_RECURSION = YES;
				CLANG_WARN_INT_CONVERSION = YES;
				CLANG_WARN_NON_LITERAL_NULL_CONVERSION = YES;
				CLANG_WARN_OBJC_LITERAL_CONVERSION = YES;
				CLANG_WARN_OBJC_ROOT_CLASS = YES_ERROR;
				CLANG_WARN_RANGE_LOOP_ANALYSIS = YES;
				CLANG_WARN_STRICT_PROTOTYPES = YES;
				CLANG_WARN_SUSPICIOUS_MOVE = YES;
				CLANG_WARN_UNGUARDED_AVAILABILITY = YES_AGGRESSIVE;
				CLANG_WARN_UNREACHABLE_CODE = YES;
				CLANG_WARN__DUPLICATE_METHOD_MATCH = YES;
				CODE_SIGN_IDENTITY = "iPhone Developer";
				COPY_PHASE_STRIP = NO;
				DEBUG_INFORMATION_FORMAT = "dwarf-with-dsym";
				ENABLE_NS_ASSERTIONS = NO;
				ENABLE_STRICT_OBJC_MSGSEND = YES;
				GCC_C_LANGUAGE_STANDARD = gnu11;
				GCC_NO_COMMON_BLOCKS = YES;
				GCC_WARN_64_TO_32_BIT_CONVERSION = YES;
				GCC_WARN_ABOUT_RETURN_TYPE = YES_ERROR;
				GCC_WARN_UNDECLARED_SELECTOR = YES;
				GCC_WARN_UNINITIALIZED_AUTOS = YES_AGGRESSIVE;
				GCC_WARN_UNUSED_FUNCTION = YES;
				GCC_WARN_UNUSED_VARIABLE = YES;
				IPHONEOS_DEPLOYMENT_TARGET = 11.2;
				MTL_ENABLE_DEBUG_INFO = NO;
				SDKROOT = iphoneos;
				SWIFT_OPTIMIZATION_LEVEL = "-Owholemodule";
				VALIDATE_PRODUCT = YES;
			};
			name = Release;
		};
		7BF3A2B92019479700689AE1 /* Debug */ = {
			isa = XCBuildConfiguration;
			baseConfigurationReference = E47EBB366827CAB5E4AB7791 /* Pods-college_league.debug.xcconfig */;
			buildSettings = {
				ASSETCATALOG_COMPILER_APPICON_NAME = AppIcon;
				CODE_SIGN_STYLE = Automatic;
				DEVELOPMENT_TEAM = M993KE8Y7Q;
				INFOPLIST_FILE = college_league/Info.plist;
				LD_RUNPATH_SEARCH_PATHS = "$(inherited) @executable_path/Frameworks";
				PRODUCT_BUNDLE_IDENTIFIER = "com.geek.Dice.college-league";
				PRODUCT_NAME = "$(TARGET_NAME)";
				SWIFT_VERSION = 4.0;
				TARGETED_DEVICE_FAMILY = "1,2";
			};
			name = Debug;
		};
		7BF3A2BA2019479700689AE1 /* Release */ = {
			isa = XCBuildConfiguration;
			baseConfigurationReference = EF9E31A5A391B46B69707FB0 /* Pods-college_league.release.xcconfig */;
			buildSettings = {
				ASSETCATALOG_COMPILER_APPICON_NAME = AppIcon;
				CODE_SIGN_STYLE = Automatic;
				DEVELOPMENT_TEAM = M993KE8Y7Q;
				INFOPLIST_FILE = college_league/Info.plist;
				LD_RUNPATH_SEARCH_PATHS = "$(inherited) @executable_path/Frameworks";
				PRODUCT_BUNDLE_IDENTIFIER = "com.geek.Dice.college-league";
				PRODUCT_NAME = "$(TARGET_NAME)";
				SWIFT_VERSION = 4.0;
				TARGETED_DEVICE_FAMILY = "1,2";
			};
			name = Release;
		};
/* End XCBuildConfiguration section */

/* Begin XCConfigurationList section */
		7BF3A2A12019479700689AE1 /* Build configuration list for PBXProject "college_league" */ = {
			isa = XCConfigurationList;
			buildConfigurations = (
				7BF3A2B62019479700689AE1 /* Debug */,
				7BF3A2B72019479700689AE1 /* Release */,
			);
			defaultConfigurationIsVisible = 0;
			defaultConfigurationName = Release;
		};
		7BF3A2B82019479700689AE1 /* Build configuration list for PBXNativeTarget "college_league" */ = {
			isa = XCConfigurationList;
			buildConfigurations = (
				7BF3A2B92019479700689AE1 /* Debug */,
				7BF3A2BA2019479700689AE1 /* Release */,
			);
			defaultConfigurationIsVisible = 0;
			defaultConfigurationName = Release;
		};
/* End XCConfigurationList section */
	};
	rootObject = 7BF3A29E2019479700689AE1 /* Project object */;
}
